
Microsoft Visual Studio Solution File, Format Version 12.00
# Visual Studio 15
VisualStudioVersion = 15.0.26430.12
MinimumVisualStudioVersion = 10.0.40219.1
Project("{9A19103F-16F7-4668-BE54-9A1E7A4F7556}") = "BrotliSharpLib", "BrotliSharpLib\BrotliSharpLib.csproj", "{CF5494BE-5362-4CEF-9903-CDD3AB3F0502}"
EndProject
Project("{FAE04EC0-301F-11D3-BF4B-00C04F79EFBC}") = "BrotliSharpLib.Tests", "BrotliSharpLib.Tests\BrotliSharpLib.Tests.csproj", "{15B4AC48-0412-4DFE-93DD-AD4F3DB295FB}"
EndProject
Global
	GlobalSection(SolutionConfigurationPlatforms) = preSolution
		Debug|Any CPU = Debug|Any CPU
		Release|Any CPU = Release|Any CPU
	EndGlobalSection
	GlobalSection(ProjectConfigurationPlatforms) = postSolution
		{CF5494BE-5362-4CEF-9903-CDD3AB3F0502}.Debug|Any CPU.ActiveCfg = Debug|Any CPU
		{CF5494BE-5362-4CEF-9903-CDD3AB3F0502}.Debug|Any CPU.Build.0 = Debug|Any CPU
		{CF5494BE-5362-4CEF-9903-CDD3AB3F0502}.Release|Any CPU.ActiveCfg = Release|Any CPU
		{CF5494BE-5362-4CEF-9903-CDD3AB3F0502}.Release|Any CPU.Build.0 = Release|Any CPU
		{15B4AC48-0412-4DFE-93DD-AD4F3DB295FB}.Debug|Any CPU.ActiveCfg = Debug|Any CPU
		{15B4AC48-0412-4DFE-93DD-AD4F3DB295FB}.Debug|Any CPU.Build.0 = Debug|Any CPU
		{15B4AC48-0412-4DFE-93DD-AD4F3DB295FB}.Release|Any CPU.ActiveCfg = Release|Any CPU
		{15B4AC48-0412-4DFE-93DD-AD4F3DB295FB}.Release|Any CPU.Build.0 = Release|Any CPU
	EndGlobalSection
	GlobalSection(SolutionProperties) = preSolution
		HideSolutionNode = FALSE
	EndGlobalSection
EndGlobal
